{
  "name": "solopong",
  "version": "0.0.1",
  "lockfileVersion": 1,
  "requires": true,
  "dependencies": {
    "@pixi/accessibility": {
      "version": "5.0.2",
      "resolved": "https://registry.npmjs.org/@pixi/accessibility/-/accessibility-5.0.2.tgz",
      "integrity": "sha512-oROnDkRIfSnI+ZogIlhOjTlvkAZH+jLqvV2ab2rzDIMG1i4CYUez+cx5P5b/4VRrSLLZWepE28d++utCDBxPwA==",
      "requires": {
        "@pixi/core": "^5.0.2",
        "@pixi/display": "^5.0.1",
        "@pixi/utils": "^5.0.1"
      }
    },
    "@pixi/app": {
      "version": "5.0.2",
      "resolved": "https://registry.npmjs.org/@pixi/app/-/app-5.0.2.tgz",
      "integrity": "sha512-5H4h+UzlCXf2RwkegyK5D56rSym6rRhwWbNBcpu5f6VqySyTB16pnNfLs1yPfwE+CxhBAes1XawJf6U1CE/9mQ==",
      "requires": {
        "@pixi/core": "^5.0.2",
        "@pixi/display": "^5.0.1"
      }
    },
    "@pixi/constants": {
      "version": "5.0.0-rc.3",
      "resolved": "https://registry.npmjs.org/@pixi/constants/-/constants-5.0.0-rc.3.tgz",
      "integrity": "sha512-PrMmpD6EcQpwx4UkPnYcPuk63oqW3LG2Y+gFMEWVO0nBrkVw0JY/5uwJ9wRz0AiQotFdpd/AmMC3mZl8y1l7jw=="
    },
    "@pixi/core": {
      "version": "5.0.2",
      "resolved": "https://registry.npmjs.org/@pixi/core/-/core-5.0.2.tgz",
      "integrity": "sha512-76ouZ9oxFb0vnYXP98A4PXYaw5Ey0NxG0XdiD7oRdbrE79yiqaxmQK9q+7J9f3rzrHbqhZWut8OiQAHnzvhPNw==",
      "requires": {
        "@pixi/constants": "^5.0.0-rc.3",
        "@pixi/display": "^5.0.1",
        "@pixi/math": "^5.0.0-rc.3",
        "@pixi/runner": "^5.0.0",
        "@pixi/settings": "^5.0.1",
        "@pixi/ticker": "^5.0.1",
        "@pixi/utils": "^5.0.1"
      }
    },
    "@pixi/display": {
      "version": "5.0.1",
      "resolved": "https://registry.npmjs.org/@pixi/display/-/display-5.0.1.tgz",
      "integrity": "sha512-TldN/3ksgsZdKwmqhbjnVEVW3YaryyRxB5DD6Q+qNjqdjNsPBsfYcMPOax+J9sjdjz6cAVa2xG3f2b4za0oBJw==",
      "requires": {
        "@pixi/math": "^5.0.0-rc.3",
        "@pixi/settings": "^5.0.1",
        "@pixi/utils": "^5.0.1"
      }
    },
    "@pixi/extract": {
      "version": "5.0.2",
      "resolved": "https://registry.npmjs.org/@pixi/extract/-/extract-5.0.2.tgz",
      "integrity": "sha512-9mQtuWcZ10X9kK+HnpwuIpjSCi9pJi4ZKW8bkNkUxyGOqzpXFiCEXSmqR9JqbhABg1BrG4mdX9mZeYcXikZ44Q==",
      "requires": {
        "@pixi/core": "^5.0.2",
        "@pixi/math": "^5.0.0-rc.3",
        "@pixi/utils": "^5.0.1"
      }
    },
    "@pixi/filter-alpha": {
      "version": "5.0.2",
      "resolved": "https://registry.npmjs.org/@pixi/filter-alpha/-/filter-alpha-5.0.2.tgz",
      "integrity": "sha512-6BaUBnlgziP2p4ajzMD4Jwqpwa/fV6PrB0hZyLwI5KJ57/RW3/RX/qLFY7N1ciFYbN+ijYFPcTBkAOcShXSwTg==",
      "requires": {
        "@pixi/core": "^5.0.2"
      }
    },
    "@pixi/filter-blur": {
      "version": "5.0.2",
      "resolved": "https://registry.npmjs.org/@pixi/filter-blur/-/filter-blur-5.0.2.tgz",
      "integrity": "sha512-3LiLFgnoTjyxdZEzpUrgtWEXTQ8OX6yFh9Uvz7OhvJJJPl/TAPsZqdu1SCcVmtt/cRX4OBGx952PcFENIDa0Pg==",
      "requires": {
        "@pixi/core": "^5.0.2",
        "@pixi/settings": "^5.0.1"
      }
    },
    "@pixi/filter-color-matrix": {
      "version": "5.0.2",
      "resolved": "https://registry.npmjs.org/@pixi/filter-color-matrix/-/filter-color-matrix-5.0.2.tgz",
      "integrity": "sha512-Czshk8yx08C4aWtOUOeROKI+xtJP8je6+8vClM5atV1+lJXVyNj5Y+8evyH4Z8Tvk5oVSbc7bstquEgon19vFw==",
      "requires": {
        "@pixi/core": "^5.0.2"
      }
    },
    "@pixi/filter-displacement": {
      "version": "5.0.2",
      "resolved": "https://registry.npmjs.org/@pixi/filter-displacement/-/filter-displacement-5.0.2.tgz",
      "integrity": "sha512-XhI1G9YUURmI1JnC2DcvugbPIu5g1osRUdG1nC8OyMcoUgNvJMU0csAeew3/D2uAr9MJ3B7wsUxYQOdxybe0uA==",
      "requires": {
        "@pixi/core": "^5.0.2",
        "@pixi/math": "^5.0.0-rc.3"
      }
    },
    "@pixi/filter-fxaa": {
      "version": "5.0.2",
      "resolved": "https://registry.npmjs.org/@pixi/filter-fxaa/-/filter-fxaa-5.0.2.tgz",
      "integrity": "sha512-3woEwSmz4ZQ8l//PzvAB8PlI86a521NsqVN6/dqgJhRcU8KsU1FSNod18cYt2MvZEm3aidggfZjPJyVHo4D5aQ==",
      "requires": {
        "@pixi/core": "^5.0.2"
      }
    },
    "@pixi/filter-noise": {
      "version": "5.0.2",
      "resolved": "https://registry.npmjs.org/@pixi/filter-noise/-/filter-noise-5.0.2.tgz",
      "integrity": "sha512-6fH4B8mhBMvESLnS+sEV+cPEfnsUicPx+rjzdxReab8fXBFZVW6d7tZX9jQe8D+wg7YR+9g7VQlklsbscKaEdA==",
      "requires": {
        "@pixi/core": "^5.0.2"
      }
    },
    "@pixi/graphics": {
      "version": "5.0.2",
      "resolved": "https://registry.npmjs.org/@pixi/graphics/-/graphics-5.0.2.tgz",
      "integrity": "sha512-GAbDaGaB0UqpvOSiMi/N7gdVmyTVvjFUiFGFlbYW3TVlhY7LgpWlLD9OCkpEzTGnQ9EURPvANMLC9OuFseANhw==",
      "requires": {
        "@pixi/constants": "^5.0.0-rc.3",
        "@pixi/core": "^5.0.2",
        "@pixi/display": "^5.0.1",
        "@pixi/math": "^5.0.0-rc.3",
        "@pixi/sprite": "^5.0.2",
        "@pixi/utils": "^5.0.1"
      }
    },
    "@pixi/interaction": {
      "version": "5.0.2",
      "resolved": "https://registry.npmjs.org/@pixi/interaction/-/interaction-5.0.2.tgz",
      "integrity": "sha512-cJT6YQPoTgFXznOpBQae6OnuPhKejBW8CYfWqD5NL4nhRPZ/sP6mJVGPuVw/t0QlyxheiLcDr1Z2/XUmfJx1mg==",
      "requires": {
        "@pixi/core": "^5.0.2",
        "@pixi/display": "^5.0.1",
        "@pixi/math": "^5.0.0-rc.3",
        "@pixi/ticker": "^5.0.1",
        "@pixi/utils": "^5.0.1"
      }
    },
    "@pixi/loaders": {
      "version": "5.0.2",
      "resolved": "https://registry.npmjs.org/@pixi/loaders/-/loaders-5.0.2.tgz",
      "integrity": "sha512-U7Sb1nFeLoyiuPRGBOvh2Rx3tpuM3OfTzdBGzfo2DCeiorlv9buL/2nj+f2F/S4vS56jOduM4jRFd3OjfoXrUg==",
      "requires": {
        "@pixi/core": "^5.0.2",
        "@pixi/utils": "^5.0.1",
        "resource-loader": "^2.2.4"
      }
    },
    "@pixi/math": {
      "version": "5.0.0-rc.3",
      "resolved": "https://registry.npmjs.org/@pixi/math/-/math-5.0.0-rc.3.tgz",
      "integrity": "sha512-of/s2hHwTAN4wOxnLYQDIJftWFJgZ+S24U5N/fP6RHs6OQyegOX3q7f9uvwa+c6ssFNzGpPIF0Df7U2yKZdPFQ=="
    },
    "@pixi/mesh": {
      "version": "5.0.2",
      "resolved": "https://registry.npmjs.org/@pixi/mesh/-/mesh-5.0.2.tgz",
      "integrity": "sha512-EaFXhF3EbbkvHopWsKISpN4nj17Qb2oHKMgLpM810I1w3q4fdRHkF1ipTgGWzIHqkqu/XWoUg62GxEEyGcqLpA==",
      "requires": {
        "@pixi/constants": "^5.0.0-rc.3",
        "@pixi/core": "^5.0.2",
        "@pixi/display": "^5.0.1",
        "@pixi/math": "^5.0.0-rc.3",
        "@pixi/settings": "^5.0.1",
        "@pixi/utils": "^5.0.1"
      }
    },
    "@pixi/mesh-extras": {
      "version": "5.0.2",
      "resolved": "https://registry.npmjs.org/@pixi/mesh-extras/-/mesh-extras-5.0.2.tgz",
      "integrity": "sha512-NFFZi+KE7oge80AynBvhYohNZHXe9o9So2eYtC52OC5KRIywONhiZH7DwIuvasSy6nZNBcxb69d1S5Y0yPUtZg==",
      "requires": {
        "@pixi/constants": "^5.0.0-rc.3",
        "@pixi/core": "^5.0.2",
        "@pixi/math": "^5.0.0-rc.3",
        "@pixi/mesh": "^5.0.2",
        "@pixi/utils": "^5.0.1"
      }
    },
    "@pixi/mixin-cache-as-bitmap": {
      "version": "5.0.2",
      "resolved": "https://registry.npmjs.org/@pixi/mixin-cache-as-bitmap/-/mixin-cache-as-bitmap-5.0.2.tgz",
      "integrity": "sha512-G62vaLV2XJWnuJbH65uoX0wnOkHFwODAerMkKGDeHhdPdT/zzVIdxkDp2ccrlMaxf9eP7khHGOn2g/8KLZ7h9A==",
      "requires": {
        "@pixi/core": "^5.0.2",
        "@pixi/display": "^5.0.1",
        "@pixi/math": "^5.0.0-rc.3",
        "@pixi/settings": "^5.0.1",
        "@pixi/sprite": "^5.0.2",
        "@pixi/utils": "^5.0.1"
      }
    },
    "@pixi/mixin-get-child-by-name": {
      "version": "5.0.1",
      "resolved": "https://registry.npmjs.org/@pixi/mixin-get-child-by-name/-/mixin-get-child-by-name-5.0.1.tgz",
      "integrity": "sha512-jIxy2Mi7+ljalwSDKIDoLCc0+4Wst0ywqT1ZHALYAASylSC+fp38qGmE2GY0qW1fLaOeG6SUeunUyW5ukASFTw==",
      "requires": {
        "@pixi/display": "^5.0.1"
      }
    },
    "@pixi/mixin-get-global-position": {
      "version": "5.0.1",
      "resolved": "https://registry.npmjs.org/@pixi/mixin-get-global-position/-/mixin-get-global-position-5.0.1.tgz",
      "integrity": "sha512-yPEM5ZbdPePl87f1nlEJXA9Wt1hiR5kqBgtQ2j10Igm6DBBViCANNa7NpHdr2KaLtZh7NLKldoBmqzoaG2SiXw==",
      "requires": {
        "@pixi/display": "^5.0.1",
        "@pixi/math": "^5.0.0-rc.3"
      }
    },
    "@pixi/particles": {
      "version": "5.0.2",
      "resolved": "https://registry.npmjs.org/@pixi/particles/-/particles-5.0.2.tgz",
      "integrity": "sha512-BNkHVy1DqPGfW25qwHKkJ9ABzaG4L1Mdtz+4ajCi6WZz2Y6HFAG8kcFG8B9stmZ9GwpasxpSkxbPyd9FY7UdKA==",
      "requires": {
        "@pixi/constants": "^5.0.0-rc.3",
        "@pixi/core": "^5.0.2",
        "@pixi/display": "^5.0.1",
        "@pixi/math": "^5.0.0-rc.3",
        "@pixi/utils": "^5.0.1"
      }
    },
    "@pixi/polyfill": {
      "version": "5.0.0",
      "resolved": "https://registry.npmjs.org/@pixi/polyfill/-/polyfill-5.0.0.tgz",
      "integrity": "sha512-3S+rZ0JtAvkGMluXTnE0UrN47IkPqQ9wluLfQBbtz7U0ZNJK7x/k/JmMEkbSoz7n39wfEfcEggqII+Nmi4gf6A==",
      "requires": {
        "es6-promise-polyfill": "^1.2.0",
        "object-assign": "^4.1.1"
      }
    },
    "@pixi/prepare": {
      "version": "5.0.2",
      "resolved": "https://registry.npmjs.org/@pixi/prepare/-/prepare-5.0.2.tgz",
      "integrity": "sha512-p07wty4qXgtSngI2gOPp8MslDzNnr87RiMNKTRCoqlc8vfp5ARVriMAqlOkM85kG4iydPrBjMharVSf9380aqg==",
      "requires": {
        "@pixi/core": "^5.0.2",
        "@pixi/display": "^5.0.1",
        "@pixi/graphics": "^5.0.2",
        "@pixi/settings": "^5.0.1",
        "@pixi/text": "^5.0.2",
        "@pixi/ticker": "^5.0.1"
      }
    },
    "@pixi/runner": {
      "version": "5.0.0",
      "resolved": "https://registry.npmjs.org/@pixi/runner/-/runner-5.0.0.tgz",
      "integrity": "sha512-VytqTmLpNLgyp4m463R4asahtAyrvasuCvFiigX4/rOZsndrujYVCdH9xCO6Yy6RE7PR1Jflmlx/xV2GE9QKaw=="
    },
    "@pixi/settings": {
      "version": "5.0.1",
      "resolved": "https://registry.npmjs.org/@pixi/settings/-/settings-5.0.1.tgz",
      "integrity": "sha512-H2uOTOLrwW+ZS07Nc3vEqUKlugKQ/QV9GSTGz33RObwfTS/PidlR/Ucow+n06DwnZHvhqJCvS+z8eieXfHRl6g==",
      "requires": {
        "ismobilejs": "^0.5.1"
      }
    },
    "@pixi/sprite": {
      "version": "5.0.2",
      "resolved": "https://registry.npmjs.org/@pixi/sprite/-/sprite-5.0.2.tgz",
      "integrity": "sha512-OoxP1hPzcyoyd6OBAfAY5fE+ucBtPO5krj5WwsyOLYKTAfLmAv3sOlptGWwe+M/HSZ8OyF4DrJ7/3IBfIv8uAA==",
      "requires": {
        "@pixi/constants": "^5.0.0-rc.3",
        "@pixi/core": "^5.0.2",
        "@pixi/display": "^5.0.1",
        "@pixi/math": "^5.0.0-rc.3",
        "@pixi/settings": "^5.0.1",
        "@pixi/utils": "^5.0.1"
      }
    },
    "@pixi/sprite-animated": {
      "version": "5.0.2",
      "resolved": "https://registry.npmjs.org/@pixi/sprite-animated/-/sprite-animated-5.0.2.tgz",
      "integrity": "sha512-2sR4/93TCNsnsP7txsQ/1H3XcxpHdbw5JngtHNPzsq5vDnkyHlEenFqNP4rbwqE4zgOtBYxGY/lXVgObZEOMxw==",
      "requires": {
        "@pixi/core": "^5.0.2",
        "@pixi/sprite": "^5.0.2",
        "@pixi/ticker": "^5.0.1"
      }
    },
    "@pixi/sprite-tiling": {
      "version": "5.0.2",
      "resolved": "https://registry.npmjs.org/@pixi/sprite-tiling/-/sprite-tiling-5.0.2.tgz",
      "integrity": "sha512-V9zIRz+I82W+pe1dAnHP24GsPxfqtQghpxnh9BtyDBCvfYiid38phwWdYVDrtW3oKme834Tlk9eJc2BIVHiLOQ==",
      "requires": {
        "@pixi/constants": "^5.0.0-rc.3",
        "@pixi/core": "^5.0.2",
        "@pixi/display": "^5.0.1",
        "@pixi/math": "^5.0.0-rc.3",
        "@pixi/sprite": "^5.0.2",
        "@pixi/utils": "^5.0.1"
      }
    },
    "@pixi/spritesheet": {
      "version": "5.0.2",
      "resolved": "https://registry.npmjs.org/@pixi/spritesheet/-/spritesheet-5.0.2.tgz",
      "integrity": "sha512-8dONvL08WaJco160sLix6GiPH6iaqmXtsqY5Pv/KKcI/bWk6JuEEmp4/Dz0TSVy65rCOoCpf7qWKUFtv46w1nQ==",
      "requires": {
        "@pixi/core": "^5.0.2",
        "@pixi/loaders": "^5.0.2",
        "@pixi/math": "^5.0.0-rc.3",
        "@pixi/utils": "^5.0.1"
      }
    },
    "@pixi/text": {
      "version": "5.0.2",
      "resolved": "https://registry.npmjs.org/@pixi/text/-/text-5.0.2.tgz",
      "integrity": "sha512-McZ4kUUr/xewvDJd3i0Z0yA5WxzyXWkqAWNJla1DLKA98soBDwq/k2nFjIGhcPgcAfC4ahrxky0PbAYqOP5SgQ==",
      "requires": {
        "@pixi/core": "^5.0.2",
        "@pixi/math": "^5.0.0-rc.3",
        "@pixi/settings": "^5.0.1",
        "@pixi/sprite": "^5.0.2",
        "@pixi/utils": "^5.0.1"
      }
    },
    "@pixi/text-bitmap": {
      "version": "5.0.2",
      "resolved": "https://registry.npmjs.org/@pixi/text-bitmap/-/text-bitmap-5.0.2.tgz",
      "integrity": "sha512-u4XMxjGIpcFSWbZunaFwhIRgOHGewW5BS1+LMMR5YFBP9t2a3hlRoIa2JEAfI8fXBerF1n5KljriTojFuxfrpA==",
      "requires": {
        "@pixi/core": "^5.0.2",
        "@pixi/display": "^5.0.1",
        "@pixi/loaders": "^5.0.2",
        "@pixi/math": "^5.0.0-rc.3",
        "@pixi/settings": "^5.0.1",
        "@pixi/sprite": "^5.0.2",
        "@pixi/utils": "^5.0.1"
      }
    },
    "@pixi/ticker": {
      "version": "5.0.1",
      "resolved": "https://registry.npmjs.org/@pixi/ticker/-/ticker-5.0.1.tgz",
      "integrity": "sha512-T00DKK+l0WFj/c5V6e/3KawBoIIiEHFLKyurPEMtUL/MzF8FDvF0uX+TRbiieBMkqrHO/sSfENTpzhTYV72jdw==",
      "requires": {
        "@pixi/settings": "^5.0.1"
      }
    },
    "@pixi/utils": {
      "version": "5.0.1",
      "resolved": "https://registry.npmjs.org/@pixi/utils/-/utils-5.0.1.tgz",
      "integrity": "sha512-2cmmDBmJkT0I8E7hEnSXtX1YxmD7nQ6752V4CBu91EzLZ8wYbRFU831gobTxWYvgM7gUeNezwx9snayLEDRFcQ==",
      "requires": {
        "@pixi/constants": "^5.0.0-rc.3",
        "@pixi/settings": "^5.0.1",
        "earcut": "^2.1.5",
        "eventemitter3": "^3.1.0",
        "url": "^0.11.0"
      }
    },
    "@types/pixi.js": {
      "version": "4.8.7",
      "resolved": "https://registry.npmjs.org/@types/pixi.js/-/pixi.js-4.8.7.tgz",
      "integrity": "sha512-SuaeAVDWNbvVzg+ipVrNzVxMDZHaa/MRNT/+Y270sYp/qxfB31KC1wEt7KDVNq9Ac/pRdSDrxVDcLDUaYn0aVg==",
      "dev": true
    },
    "earcut": {
      "version": "2.1.5",
      "resolved": "https://registry.npmjs.org/earcut/-/earcut-2.1.5.tgz",
      "integrity": "sha512-QFWC7ywTVLtvRAJTVp8ugsuuGQ5mVqNmJ1cRYeLrSHgP3nycr2RHTJob9OtM0v8ujuoKN0NY1a93J/omeTL1PA=="
    },
    "es6-promise-polyfill": {
      "version": "1.2.0",
      "resolved": "https://registry.npmjs.org/es6-promise-polyfill/-/es6-promise-polyfill-1.2.0.tgz",
      "integrity": "sha1-84kl8jyz4+jObNqP93T867sJDN4="
    },
    "eventemitter3": {
      "version": "3.1.2",
      "resolved": "https://registry.npmjs.org/eventemitter3/-/eventemitter3-3.1.2.tgz",
      "integrity": "sha512-tvtQIeLVHjDkJYnzf2dgVMxfuSGJeM/7UCG17TT4EumTfNtF+0nebF/4zWOIkCreAbtNqhGEboB6BWrwqNaw4Q=="
    },
    "ismobilejs": {
      "version": "0.5.1",
      "resolved": "https://registry.npmjs.org/ismobilejs/-/ismobilejs-0.5.1.tgz",
      "integrity": "sha512-QX4STsOcBYqlTjVGuAdP1MiRVxtiUbRHOKH0v7Gn1EvfUVIQnrSdgCM4zB4VCZuIejnb2NUMUx0Bwd3EIG6yyA=="
    },
    "mini-signals": {
      "version": "1.2.0",
      "resolved": "https://registry.npmjs.org/mini-signals/-/mini-signals-1.2.0.tgz",
      "integrity": "sha1-RbCAE8X65RokqhqTXNMXye1yHXQ="
    },
    "object-assign": {
      "version": "4.1.1",
      "resolved": "https://registry.npmjs.org/object-assign/-/object-assign-4.1.1.tgz",
      "integrity": "sha1-IQmtx5ZYh8/AXLvUQsrIv7s2CGM="
    },
    "parse-uri": {
      "version": "1.0.0",
      "resolved": "https://registry.npmjs.org/parse-uri/-/parse-uri-1.0.0.tgz",
      "integrity": "sha1-KHLcwi8aeXrN4Vg9igrClVLdrCA="
    },
    "pixi.js": {
      "version": "5.0.2",
      "resolved": "https://registry.npmjs.org/pixi.js/-/pixi.js-5.0.2.tgz",
      "integrity": "sha512-tFqHWFvvfjU15hr325oSvXACOEjtgkZXWkM+66oQKhXN6fn1SaFnli2AlbHnwtjQFjZhaXg+vwVa90PbgfVIVA==",
      "requires": {
        "@pixi/accessibility": "^5.0.2",
        "@pixi/app": "^5.0.2",
        "@pixi/constants": "^5.0.0-rc.3",
        "@pixi/core": "^5.0.2",
        "@pixi/display": "^5.0.1",
        "@pixi/extract": "^5.0.2",
        "@pixi/filter-alpha": "^5.0.2",
        "@pixi/filter-blur": "^5.0.2",
        "@pixi/filter-color-matrix": "^5.0.2",
        "@pixi/filter-displacement": "^5.0.2",
        "@pixi/filter-fxaa": "^5.0.2",
        "@pixi/filter-noise": "^5.0.2",
        "@pixi/graphics": "^5.0.2",
        "@pixi/interaction": "^5.0.2",
        "@pixi/loaders": "^5.0.2",
        "@pixi/math": "^5.0.0-rc.3",
        "@pixi/mesh": "^5.0.2",
        "@pixi/mesh-extras": "^5.0.2",
        "@pixi/mixin-cache-as-bitmap": "^5.0.2",
        "@pixi/mixin-get-child-by-name": "^5.0.1",
        "@pixi/mixin-get-global-position": "^5.0.1",
        "@pixi/particles": "^5.0.2",
        "@pixi/polyfill": "^5.0.0",
        "@pixi/prepare": "^5.0.2",
        "@pixi/runner": "^5.0.0",
        "@pixi/settings": "^5.0.1",
        "@pixi/sprite": "^5.0.2",
        "@pixi/sprite-animated": "^5.0.2",
        "@pixi/sprite-tiling": "^5.0.2",
        "@pixi/spritesheet": "^5.0.2",
        "@pixi/text": "^5.0.2",
        "@pixi/text-bitmap": "^5.0.2",
        "@pixi/ticker": "^5.0.1",
        "@pixi/utils": "^5.0.1"
      }
    },
    "punycode": {
      "version": "1.3.2",
      "resolved": "https://registry.npmjs.org/punycode/-/punycode-1.3.2.tgz",
      "integrity": "sha1-llOgNvt8HuQjQvIyXM7v6jkmxI0="
    },
    "querystring": {
      "version": "0.2.0",
      "resolved": "https://registry.npmjs.org/querystring/-/querystring-0.2.0.tgz",
      "integrity": "sha1-sgmEkgO7Jd+CDadW50cAWHhSFiA="
    },
    "resource-loader": {
      "version": "2.2.4",
      "resolved": "https://registry.npmjs.org/resource-loader/-/resource-loader-2.2.4.tgz",
      "integrity": "sha512-MrY0bEJN26us3h4bzJUSP0n4tFEb79lCpYBavtLjSezWCcXZMgxhSgvC9LxueuqpcxG+qPjhwFu5SQAcUNacdA==",
      "requires": {
        "mini-signals": "^1.1.1",
        "parse-uri": "^1.0.0"
      }
    },
    "typescript": {
      "version": "3.4.5",
      "resolved": "https://registry.npmjs.org/typescript/-/typescript-3.4.5.tgz",
      "integrity": "sha512-YycBxUb49UUhdNMU5aJ7z5Ej2XGmaIBL0x34vZ82fn3hGvD+bgrMrVDpatgz2f7YxUMJxMkbWxJZeAvDxVe7Vw==",
      "dev": true
    },
    "url": {
      "version": "0.11.0",
      "resolved": "https://registry.npmjs.org/url/-/url-0.11.0.tgz",
      "integrity": "sha1-ODjpfPxgUh63PFJajlW/3Z4uKPE=",
      "requires": {
        "punycode": "1.3.2",
        "querystring": "0.2.0"
      }
    }
  }
}
